
Microsoft Visual Studio Solution File, Format Version 12.00
# Visual Studio Version 17
VisualStudioVersion = 17.4.33205.214
MinimumVisualStudioVersion = 10.0.40219.1
Project("{9A19103F-16F7-4668-BE54-9A1E7A4F7556}") = "StudentskaSluzba", "StudentskaSluzba\StudentskaSluzba.csproj", "{20EEA2B8-23D9-4F2F-B22A-A9F57841805C}"
	ProjectSection(ProjectDependencies) = postProject
		{BCA2864A-B5B7-4930-B969-D8E9EE0B746D} = {BCA2864A-B5B7-4930-B969-D8E9EE0B746D}
	EndProjectSection
EndProject
Project("{9A19103F-16F7-4668-BE54-9A1E7A4F7556}") = "DatabaseEntityLib", "DatabaseEntityLib\DatabaseEntityLib.csproj", "{5DCC763F-9B34-4152-899B-E9A31E303F81}"
EndProject
Project("{FAE04EC0-301F-11D3-BF4B-00C04F79EFBC}") = "DataBaseContext", "DataBaseContext\DataBaseContext.csproj", "{BCA2864A-B5B7-4930-B969-D8E9EE0B746D}"
	ProjectSection(ProjectDependencies) = postProject
		{5DCC763F-9B34-4152-899B-E9A31E303F81} = {5DCC763F-9B34-4152-899B-E9A31E303F81}
	EndProjectSection
EndProject
Global
	GlobalSection(SolutionConfigurationPlatforms) = preSolution
		Debug|Any CPU = Debug|Any CPU
		Release|Any CPU = Release|Any CPU
	EndGlobalSection
	GlobalSection(ProjectConfigurationPlatforms) = postSolution
		{20EEA2B8-23D9-4F2F-B22A-A9F57841805C}.Debug|Any CPU.ActiveCfg = Debug|Any CPU
		{20EEA2B8-23D9-4F2F-B22A-A9F57841805C}.Debug|Any CPU.Build.0 = Debug|Any CPU
		{20EEA2B8-23D9-4F2F-B22A-A9F57841805C}.Release|Any CPU.ActiveCfg = Release|Any CPU
		{20EEA2B8-23D9-4F2F-B22A-A9F57841805C}.Release|Any CPU.Build.0 = Release|Any CPU
		{5DCC763F-9B34-4152-899B-E9A31E303F81}.Debug|Any CPU.ActiveCfg = Debug|Any CPU
		{5DCC763F-9B34-4152-899B-E9A31E303F81}.Debug|Any CPU.Build.0 = Debug|Any CPU
		{5DCC763F-9B34-4152-899B-E9A31E303F81}.Release|Any CPU.ActiveCfg = Release|Any CPU
		{5DCC763F-9B34-4152-899B-E9A31E303F81}.Release|Any CPU.Build.0 = Release|Any CPU
		{BCA2864A-B5B7-4930-B969-D8E9EE0B746D}.Debug|Any CPU.ActiveCfg = Debug|Any CPU
		{BCA2864A-B5B7-4930-B969-D8E9EE0B746D}.Debug|Any CPU.Build.0 = Debug|Any CPU
		{BCA2864A-B5B7-4930-B969-D8E9EE0B746D}.Release|Any CPU.ActiveCfg = Release|Any CPU
		{BCA2864A-B5B7-4930-B969-D8E9EE0B746D}.Release|Any CPU.Build.0 = Release|Any CPU
	EndGlobalSection
	GlobalSection(SolutionProperties) = preSolution
		HideSolutionNode = FALSE
	EndGlobalSection
	GlobalSection(ExtensibilityGlobals) = postSolution
		SolutionGuid = {6B44F819-F04E-41E4-9215-713336A18482}
	EndGlobalSection
EndGlobal
